
Microsoft Visual Studio Solution File, Format Version 12.00
# Visual Studio Version 16
VisualStudioVersion = 16.0.30621.155
MinimumVisualStudioVersion = 10.0.40219.1
Project("{FAE04EC0-301F-11D3-BF4B-00C04F79EFBC}") = "lab3", "lab3\lab3.csproj", "{049866EA-9CB4-482B-92AC-3869E70C78C7}"
EndProject
Global
	GlobalSection(SolutionConfigurationPlatforms) = preSolution
		Debug|Any CPU = Debug|Any CPU
		Release|Any CPU = Release|Any CPU
	EndGlobalSection
	GlobalSection(ProjectConfigurationPlatforms) = postSolution
		{049866EA-9CB4-482B-92AC-3869E70C78C7}.Debug|Any CPU.ActiveCfg = Debug|Any CPU
		{049866EA-9CB4-482B-92AC-3869E70C78C7}.Debug|Any CPU.Build.0 = Debug|Any CPU
		{049866EA-9CB4-482B-92AC-3869E70C78C7}.Release|Any CPU.ActiveCfg = Release|Any CPU
		{049866EA-9CB4-482B-92AC-3869E70C78C7}.Release|Any CPU.Build.0 = Release|Any CPU
	EndGlobalSection
	GlobalSection(SolutionProperties) = preSolution
		HideSolutionNode = FALSE
	EndGlobalSection
	GlobalSection(ExtensibilityGlobals) = postSolution
		SolutionGuid = {7927F442-DDAE-405F-8686-0CDC7F8ACD89}
	EndGlobalSection
EndGlobal
